
Microsoft Visual Studio Solution File, Format Version 12.00
# Visual Studio Version 17
VisualStudioVersion = 17.7.34018.315
MinimumVisualStudioVersion = 10.0.40219.1
Project("{9A19103F-16F7-4668-BE54-9A1E7A4F7556}") = "SharpLaba3", "SharpLaba3\SharpLaba3.csproj", "{88C18BA2-BD70-40CD-9CA7-17E79D779C47}"
EndProject
Global
	GlobalSection(SolutionConfigurationPlatforms) = preSolution
		Debug|Any CPU = Debug|Any CPU
		Release|Any CPU = Release|Any CPU
	EndGlobalSection
	GlobalSection(ProjectConfigurationPlatforms) = postSolution
		{88C18BA2-BD70-40CD-9CA7-17E79D779C47}.Debug|Any CPU.ActiveCfg = Debug|Any CPU
		{88C18BA2-BD70-40CD-9CA7-17E79D779C47}.Debug|Any CPU.Build.0 = Debug|Any CPU
		{88C18BA2-BD70-40CD-9CA7-17E79D779C47}.Release|Any CPU.ActiveCfg = Release|Any CPU
		{88C18BA2-BD70-40CD-9CA7-17E79D779C47}.Release|Any CPU.Build.0 = Release|Any CPU
	EndGlobalSection
	GlobalSection(SolutionProperties) = preSolution
		HideSolutionNode = FALSE
	EndGlobalSection
	GlobalSection(ExtensibilityGlobals) = postSolution
		SolutionGuid = {66D9BA1D-0471-461E-ABD3-99361A490187}
	EndGlobalSection
EndGlobal
